// !$*UTF8*$!
{
	archiveVersion = 1;
	classes = {
	};
	objectVersion = 46;
	objects = {

/* Begin PBXBuildFile section */
		AFEE20531E632739002B131A /* main.m in Sources */ = {isa = PBXBuildFile; fileRef = AFEE20521E632739002B131A /* main.m */; };
		AFEE20561E632739002B131A /* AppDelegate.m in Sources */ = {isa = PBXBuildFile; fileRef = AFEE20551E632739002B131A /* AppDelegate.m */; };
		AFEE20591E632739002B131A /* ViewController.m in Sources */ = {isa = PBXBuildFile; fileRef = AFEE20581E632739002B131A /* ViewController.m */; };
		AFEE205C1E632739002B131A /* Main.storyboard in Resources */ = {isa = PBXBuildFile; fileRef = AFEE205A1E632739002B131A /* Main.storyboard */; };
		AFEE205E1E632739002B131A /* Assets.xcassets in Resources */ = {isa = PBXBuildFile; fileRef = AFEE205D1E632739002B131A /* Assets.xcassets */; };
		AFEE20611E632739002B131A /* LaunchScreen.storyboard in Resources */ = {isa = PBXBuildFile; fileRef = AFEE205F1E632739002B131A /* LaunchScreen.storyboard */; };
/* End PBXBuildFile section */

/* Begin PBXFileReference section */
		AFEE204E1E632739002B131A /* OperationQueue.app */ = {isa = PBXFileReference; explicitFileType = wrapper.application; includeInIndex = 0; path = OperationQueue.app; sourceTree = BUILT_PRODUCTS_DIR; };
		AFEE20521E632739002B131A /* main.m */ = {isa = PBXFileReference; lastKnownFileType = sourcecode.c.objc; path = main.m; sourceTree = "<group>"; };
		AFEE20541E632739002B131A /* AppDelegate.h */ = {isa = PBXFileReference; lastKnownFileType = sourcecode.c.h; path = AppDelegate.h; sourceTree = "<group>"; };
		AFEE20551E632739002B131A /* AppDelegate.m */ = {isa = PBXFileReference; lastKnownFileType = sourcecode.c.objc; path = AppDelegate.m; sourceTree = "<group>"; };
		AFEE20571E632739002B131A /* ViewController.h */ = {isa = PBXFileReference; lastKnownFileType = sourcecode.c.h; path = ViewController.h; sourceTree = "<group>"; };
		AFEE20581E632739002B131A /* ViewController.m */ = {isa = PBXFileReference; lastKnownFileType = sourcecode.c.objc; path = ViewController.m; sourceTree = "<group>"; };
		AFEE205B1E632739002B131A /* Base */ = {isa = PBXFileReference; lastKnownFileType = file.storyboard; name = Base; path = Base.lproj/Main.storyboard; sourceTree = "<group>"; };
		AFEE205D1E632739002B131A /* Assets.xcassets */ = {isa = PBXFileReference; lastKnownFileType = folder.assetcatalog; path = Assets.xcassets; sourceTree = "<group>"; };
		AFEE20601E632739002B131A /* Base */ = {isa = PBXFileReference; lastKnownFileType = file.storyboard; name = Base; path = Base.lproj/LaunchScreen.storyboard; sourceTree = "<group>"; };
		AFEE20621E632739002B131A /* Info.plist */ = {isa = PBXFileReference; lastKnownFileType = text.plist.xml; path = Info.plist; sourceTree = "<group>"; };
/* End PBXFileReference section */

/* Begin PBXFrameworksBuildPhase section */
		AFEE204B1E632739002B131A /* Frameworks */ = {
			isa = PBXFrameworksBuildPhase;
			buildActionMask = 2147483647;
			files = (
			);
			runOnlyForDeploymentPostprocessing = 0;
		};
/* End PBXFrameworksBuildPhase section */

/* Begin PBXGroup section */
		AFEE20451E632739002B131A = {
			isa = PBXGroup;
			children = (
				AFEE20501E632739002B131A /* OperationQueue */,
				AFEE204F1E632739002B131A /* Products */,
			);
			sourceTree = "<group>";
		};
		AFEE204F1E632739002B131A /* Products */ = {
			isa = PBXGroup;
			children = (
				AFEE204E1E632739002B131A /* OperationQueue.app */,
			);
			name = Products;
			sourceTree = "<group>";
		};
		AFEE20501E632739002B131A /* OperationQueue */ = {
			isa = PBXGroup;
			children = (
				AFEE20541E632739002B131A /* AppDelegate.h */,
				AFEE20551E632739002B131A /* AppDelegate.m */,
				AFEE20571E632739002B131A /* ViewController.h */,
				AFEE20581E632739002B131A /* ViewController.m */,
				AFEE205A1E632739002B131A /* Main.storyboard */,
				AFEE205D1E632739002B131A /* Assets.xcassets */,
				AFEE205F1E632739002B131A /* LaunchScreen.storyboard */,
				AFEE20621E632739002B131A /* Info.plist */,
				AFEE20511E632739002B131A /* Supporting Files */,
			);
			path = OperationQueue;
			sourceTree = "<group>";
		};
		AFEE20511E632739002B131A /* Supporting Files */ = {
			isa = PBXGroup;
			children = (
				AFEE20521E632739002B131A /* main.m */,
			);
			name = "Supporting Files";
			sourceTree = "<group>";
		};
/* End PBXGroup section */

/* Begin PBXNativeTarget section */
		AFEE204D1E632739002B131A /* OperationQueue */ = {
			isa = PBXNativeTarget;
			buildConfigurationList = AFEE20651E632739002B131A /* Build configuration list for PBXNativeTarget "OperationQueue" */;
			buildPhases = (
				AFEE204A1E632739002B131A /* Sources */,
				AFEE204B1E632739002B131A /* Frameworks */,
				AFEE204C1E632739002B131A /* Resources */,
			);
			buildRules = (
			);
			dependencies = (
			);
			name = OperationQueue;
			productName = OperationQueue;
			productReference = AFEE204E1E632739002B131A /* OperationQueue.app */;
			productType = "com.apple.product-type.application";
		};
/* End PBXNativeTarget section */

/* Begin PBXProject section */
		AFEE20461E632739002B131A /* Project object */ = {
			isa = PBXProject;
			attributes = {
				LastUpgradeCheck = 0820;
				ORGANIZATIONNAME = xujian;
				TargetAttributes = {
					AFEE204D1E632739002B131A = {
						CreatedOnToolsVersion = 8.2.1;
						DevelopmentTeam = 6JANB6J782;
						ProvisioningStyle = Automatic;
					};
				};
			};
			buildConfigurationList = AFEE20491E632739002B131A /* Build configuration list for PBXProject "OperationQueue" */;
			compatibilityVersion = "Xcode 3.2";
			developmentRegion = English;
			hasScannedForEncodings = 0;
			knownRegions = (
				en,
				Base,
			);
			mainGroup = AFEE20451E632739002B131A;
			productRefGroup = AFEE204F1E632739002B131A /* Products */;
			projectDirPath = "";
			projectRoot = "";
			targets = (
				AFEE204D1E632739002B131A /* OperationQueue */,
			);
		};
/* End PBXProject section */

/* Begin PBXResourcesBuildPhase section */
		AFEE204C1E632739002B131A /* Resources */ = {
			isa = PBXResourcesBuildPhase;
			buildActionMask = 2147483647;
			files = (
				AFEE20611E632739002B131A /* LaunchScreen.storyboard in Resources */,
				AFEE205E1E632739002B131A /* Assets.xcassets in Resources */,
				AFEE205C1E632739002B131A /* Main.storyboard in Resources */,
			);
			runOnlyForDeploymentPostprocessing = 0;
		};
/* End PBXResourcesBuildPhase section */

/* Begin PBXSourcesBuildPhase section */
		AFEE204A1E632739002B131A /* Sources */ = {
			isa = PBXSourcesBuildPhase;
			buildActionMask = 2147483647;
			files = (
				AFEE20591E632739002B131A /* ViewController.m in Sources */,
				AFEE20561E632739002B131A /* AppDelegate.m in Sources */,
				AFEE20531E632739002B131A /* main.m in Sources */,
			);
			runOnlyForDeploymentPostprocessing = 0;
		};
/* End PBXSourcesBuildPhase section */

/* Begin PBXVariantGroup section */
		AFEE205A1E632739002B131A /* Main.storyboard */ = {
			isa = PBXVariantGroup;
			children = (
				AFEE205B1E632739002B131A /* Base */,
			);
			name = Main.storyboard;
			sourceTree = "<group>";
		};
		AFEE205F1E632739002B131A /* LaunchScreen.storyboard */ = {
			isa = PBXVariantGroup;
			children = (
				AFEE20601E632739002B131A /* Base */,
			);
			name = LaunchScreen.storyboard;
			sourceTree = "<group>";
		};
/* End PBXVariantGroup section */

/* Begin XCBuildConfiguration section */
		AFEE20631E632739002B131A /* Debug */ = {
			isa = XCBuildConfiguration;
			buildSettings = {
				ALWAYS_SEARCH_USER_PATHS = NO;
				CLANG_ANALYZER_NONNULL = YES;
				CLANG_CXX_LANGUAGE_STANDARD = "gnu++0x";
				CLANG_CXX_LIBRARY = "libc++";
				CLANG_ENABLE_MODULES = YES;
				CLANG_ENABLE_OBJC_ARC = YES;
				CLANG_WARN_BOOL_CONVERSION = YES;
				CLANG_WARN_CONSTANT_CONVERSION = YES;
				CLANG_WARN_DIRECT_OBJC_ISA_USAGE = YES_ERROR;
				CLANG_WARN_DOCUMENTATION_COMMENTS = YES;
				CLANG_WARN_EMPTY_BODY = YES;
				CLANG_WARN_ENUM_CONVERSION = YES;
				CLANG_WARN_INFINITE_RECURSION = YES;
				CLANG_WARN_INT_CONVERSION = YES;
				CLANG_WARN_OBJC_ROOT_CLASS = YES_ERROR;
				CLANG_WARN_SUSPICIOUS_MOVE = YES;
				CLANG_WARN_UNREACHABLE_CODE = YES;
				CLANG_WARN__DUPLICATE_METHOD_MATCH = YES;
				"CODE_SIGN_IDENTITY[sdk=iphoneos*]" = "iPhone Developer";
				COPY_PHASE_STRIP = NO;
				DEBUG_INFORMATION_FORMAT = dwarf;
				ENABLE_STRICT_OBJC_MSGSEND = YES;
				ENABLE_TESTABILITY = YES;
				GCC_C_LANGUAGE_STANDARD = gnu99;
				GCC_DYNAMIC_NO_PIC = NO;
				GCC_NO_COMMON_BLOCKS = YES;
				GCC_OPTIMIZATION_LEVEL = 0;
				GCC_PREPROCESSOR_DEFINITIONS = (
					"DEBUG=1",
					"$(inherited)",
				);
				GCC_WARN_64_TO_32_BIT_CONVERSION = YES;
				GCC_WARN_ABOUT_RETURN_TYPE = YES_ERROR;
				GCC_WARN_UNDECLARED_SELECTOR = YES;
				GCC_WARN_UNINITIALIZED_AUTOS = YES_AGGRESSIVE;
				GCC_WARN_UNUSED_FUNCTION = YES;
				GCC_WARN_UNUSED_VARIABLE = YES;
				IPHONEOS_DEPLOYMENT_TARGET = 10.2;
				MTL_ENABLE_DEBUG_INFO = YES;
				ONLY_ACTIVE_ARCH = YES;
				SDKROOT = iphoneos;
				TARGETED_DEVICE_FAMILY = "1,2";
			};
			name = Debug;
		};
		AFEE20641E632739002B131A /* Release */ = {
			isa = XCBuildConfiguration;
			buildSettings = {
				ALWAYS_SEARCH_USER_PATHS = NO;
				CLANG_ANALYZER_NONNULL = YES;
				CLANG_CXX_LANGUAGE_STANDARD = "gnu++0x";
				CLANG_CXX_LIBRARY = "libc++";
				CLANG_ENABLE_MODULES = YES;
				CLANG_ENABLE_OBJC_ARC = YES;
				CLANG_WARN_BOOL_CONVERSION = YES;
				CLANG_WARN_CONSTANT_CONVERSION = YES;
				CLANG_WARN_DIRECT_OBJC_ISA_USAGE = YES_ERROR;
				CLANG_WARN_DOCUMENTATION_COMMENTS = YES;
				CLANG_WARN_EMPTY_BODY = YES;
				CLANG_WARN_ENUM_CONVERSION = YES;
				CLANG_WARN_INFINITE_RECURSION = YES;
				CLANG_WARN_INT_CONVERSION = YES;
				CLANG_WARN_OBJC_ROOT_CLASS = YES_ERROR;
				CLANG_WARN_SUSPICIOUS_MOVE = YES;
				CLANG_WARN_UNREACHABLE_CODE = YES;
				CLANG_WARN__DUPLICATE_METHOD_MATCH = YES;
				"CODE_SIGN_IDENTITY[sdk=iphoneos*]" = "iPhone Developer";
				COPY_PHASE_STRIP = NO;
				DEBUG_INFORMATION_FORMAT = "dwarf-with-dsym";
				ENABLE_NS_ASSERTIONS = NO;
				ENABLE_STRICT_OBJC_MSGSEND = YES;
				GCC_C_LANGUAGE_STANDARD = gnu99;
				GCC_NO_COMMON_BLOCKS = YES;
				GCC_WARN_64_TO_32_BIT_CONVERSION = YES;
				GCC_WARN_ABOUT_RETURN_TYPE = YES_ERROR;
				GCC_WARN_UNDECLARED_SELECTOR = YES;
				GCC_WARN_UNINITIALIZED_AUTOS = YES_AGGRESSIVE;
				GCC_WARN_UNUSED_FUNCTION = YES;
				GCC_WARN_UNUSED_VARIABLE = YES;
				IPHONEOS_DEPLOYMENT_TARGET = 10.2;
				MTL_ENABLE_DEBUG_INFO = NO;
				SDKROOT = iphoneos;
				TARGETED_DEVICE_FAMILY = "1,2";
				VALIDATE_PRODUCT = YES;
			};
			name = Release;
		};
		AFEE20661E632739002B131A /* Debug */ = {
			isa = XCBuildConfiguration;
			buildSettings = {
				ASSETCATALOG_COMPILER_APPICON_NAME = AppIcon;
				DEVELOPMENT_TEAM = 6JANB6J782;
				INFOPLIST_FILE = OperationQueue/Info.plist;
				LD_RUNPATH_SEARCH_PATHS = "$(inherited) @executable_path/Frameworks";
				PRODUCT_BUNDLE_IDENTIFIER = com.xujian.OperationQueue;
				PRODUCT_NAME = "$(TARGET_NAME)";
			};
			name = Debug;
		};
		AFEE20671E632739002B131A /* Release */ = {
			isa = XCBuildConfiguration;
			buildSettings = {
				ASSETCATALOG_COMPILER_APPICON_NAME = AppIcon;
				DEVELOPMENT_TEAM = 6JANB6J782;
				INFOPLIST_FILE = OperationQueue/Info.plist;
				LD_RUNPATH_SEARCH_PATHS = "$(inherited) @executable_path/Frameworks";
				PRODUCT_BUNDLE_IDENTIFIER = com.xujian.OperationQueue;
				PRODUCT_NAME = "$(TARGET_NAME)";
			};
			name = Release;
		};
/* End XCBuildConfiguration section */

/* Begin XCConfigurationList section */
		AFEE20491E632739002B131A /* Build configuration list for PBXProject "OperationQueue" */ = {
			isa = XCConfigurationList;
			buildConfigurations = (
				AFEE20631E632739002B131A /* Debug */,
				AFEE20641E632739002B131A /* Release */,
			);
			defaultConfigurationIsVisible = 0;
			defaultConfigurationName = Release;
		};
		AFEE20651E632739002B131A /* Build configuration list for PBXNativeTarget "OperationQueue" */ = {
			isa = XCConfigurationList;
			buildConfigurations = (
				AFEE20661E632739002B131A /* Debug */,
				AFEE20671E632739002B131A /* Release */,
			);
			defaultConfigurationIsVisible = 0;
		};
/* End XCConfigurationList section */
	};
	rootObject = AFEE20461E632739002B131A /* Project object */;
}
