// !$*UTF8*$!
{
	archiveVersion = 1;
	classes = {
	};
	objectVersion = 46;
	objects = {

/* Begin PBXBuildFile section */
		AFEE20761E6413EA002B131A /* main.m in Sources */ = {isa = PBXBuildFile; fileRef = AFEE20751E6413EA002B131A /* main.m */; };
		AFEE20791E6413EA002B131A /* AppDelegate.m in Sources */ = {isa = PBXBuildFile; fileRef = AFEE20781E6413EA002B131A /* AppDelegate.m */; };
		AFEE207C1E6413EA002B131A /* ViewController.m in Sources */ = {isa = PBXBuildFile; fileRef = AFEE207B1E6413EA002B131A /* ViewController.m */; };
		AFEE207F1E6413EA002B131A /* Main.storyboard in Resources */ = {isa = PBXBuildFile; fileRef = AFEE207D1E6413EA002B131A /* Main.storyboard */; };
		AFEE20811E6413EA002B131A /* Assets.xcassets in Resources */ = {isa = PBXBuildFile; fileRef = AFEE20801E6413EA002B131A /* Assets.xcassets */; };
		AFEE20841E6413EA002B131A /* LaunchScreen.storyboard in Resources */ = {isa = PBXBuildFile; fileRef = AFEE20821E6413EA002B131A /* LaunchScreen.storyboard */; };
/* End PBXBuildFile section */

/* Begin PBXFileReference section */
		AFEE20711E6413EA002B131A /* j.app */ = {isa = PBXFileReference; explicitFileType = wrapper.application; includeInIndex = 0; path = j.app; sourceTree = BUILT_PRODUCTS_DIR; };
		AFEE20751E6413EA002B131A /* main.m */ = {isa = PBXFileReference; lastKnownFileType = sourcecode.c.objc; path = main.m; sourceTree = "<group>"; };
		AFEE20771E6413EA002B131A /* AppDelegate.h */ = {isa = PBXFileReference; lastKnownFileType = sourcecode.c.h; path = AppDelegate.h; sourceTree = "<group>"; };
		AFEE20781E6413EA002B131A /* AppDelegate.m */ = {isa = PBXFileReference; lastKnownFileType = sourcecode.c.objc; path = AppDelegate.m; sourceTree = "<group>"; };
		AFEE207A1E6413EA002B131A /* ViewController.h */ = {isa = PBXFileReference; lastKnownFileType = sourcecode.c.h; path = ViewController.h; sourceTree = "<group>"; };
		AFEE207B1E6413EA002B131A /* ViewController.m */ = {isa = PBXFileReference; lastKnownFileType = sourcecode.c.objc; path = ViewController.m; sourceTree = "<group>"; };
		AFEE207E1E6413EA002B131A /* Base */ = {isa = PBXFileReference; lastKnownFileType = file.storyboard; name = Base; path = Base.lproj/Main.storyboard; sourceTree = "<group>"; };
		AFEE20801E6413EA002B131A /* Assets.xcassets */ = {isa = PBXFileReference; lastKnownFileType = folder.assetcatalog; path = Assets.xcassets; sourceTree = "<group>"; };
		AFEE20831E6413EA002B131A /* Base */ = {isa = PBXFileReference; lastKnownFileType = file.storyboard; name = Base; path = Base.lproj/LaunchScreen.storyboard; sourceTree = "<group>"; };
		AFEE20851E6413EA002B131A /* Info.plist */ = {isa = PBXFileReference; lastKnownFileType = text.plist.xml; path = Info.plist; sourceTree = "<group>"; };
/* End PBXFileReference section */

/* Begin PBXFrameworksBuildPhase section */
		AFEE206E1E6413EA002B131A /* Frameworks */ = {
			isa = PBXFrameworksBuildPhase;
			buildActionMask = 2147483647;
			files = (
			);
			runOnlyForDeploymentPostprocessing = 0;
		};
/* End PBXFrameworksBuildPhase section */

/* Begin PBXGroup section */
		AFEE20681E6413EA002B131A = {
			isa = PBXGroup;
			children = (
				AFEE20731E6413EA002B131A /* j */,
				AFEE20721E6413EA002B131A /* Products */,
			);
			sourceTree = "<group>";
		};
		AFEE20721E6413EA002B131A /* Products */ = {
			isa = PBXGroup;
			children = (
				AFEE20711E6413EA002B131A /* j.app */,
			);
			name = Products;
			sourceTree = "<group>";
		};
		AFEE20731E6413EA002B131A /* j */ = {
			isa = PBXGroup;
			children = (
				AFEE20771E6413EA002B131A /* AppDelegate.h */,
				AFEE20781E6413EA002B131A /* AppDelegate.m */,
				AFEE207A1E6413EA002B131A /* ViewController.h */,
				AFEE207B1E6413EA002B131A /* ViewController.m */,
				AFEE207D1E6413EA002B131A /* Main.storyboard */,
				AFEE20801E6413EA002B131A /* Assets.xcassets */,
				AFEE20821E6413EA002B131A /* LaunchScreen.storyboard */,
				AFEE20851E6413EA002B131A /* Info.plist */,
				AFEE20741E6413EA002B131A /* Supporting Files */,
			);
			path = j;
			sourceTree = "<group>";
		};
		AFEE20741E6413EA002B131A /* Supporting Files */ = {
			isa = PBXGroup;
			children = (
				AFEE20751E6413EA002B131A /* main.m */,
			);
			name = "Supporting Files";
			sourceTree = "<group>";
		};
/* End PBXGroup section */

/* Begin PBXNativeTarget section */
		AFEE20701E6413EA002B131A /* j */ = {
			isa = PBXNativeTarget;
			buildConfigurationList = AFEE20881E6413EA002B131A /* Build configuration list for PBXNativeTarget "j" */;
			buildPhases = (
				AFEE206D1E6413EA002B131A /* Sources */,
				AFEE206E1E6413EA002B131A /* Frameworks */,
				AFEE206F1E6413EA002B131A /* Resources */,
			);
			buildRules = (
			);
			dependencies = (
			);
			name = j;
			productName = j;
			productReference = AFEE20711E6413EA002B131A /* j.app */;
			productType = "com.apple.product-type.application";
		};
/* End PBXNativeTarget section */

/* Begin PBXProject section */
		AFEE20691E6413EA002B131A /* Project object */ = {
			isa = PBXProject;
			attributes = {
				LastUpgradeCheck = 0820;
				ORGANIZATIONNAME = xujian;
				TargetAttributes = {
					AFEE20701E6413EA002B131A = {
						CreatedOnToolsVersion = 8.2.1;
						DevelopmentTeam = 6JANB6J782;
						ProvisioningStyle = Automatic;
					};
				};
			};
			buildConfigurationList = AFEE206C1E6413EA002B131A /* Build configuration list for PBXProject "j" */;
			compatibilityVersion = "Xcode 3.2";
			developmentRegion = English;
			hasScannedForEncodings = 0;
			knownRegions = (
				en,
				Base,
			);
			mainGroup = AFEE20681E6413EA002B131A;
			productRefGroup = AFEE20721E6413EA002B131A /* Products */;
			projectDirPath = "";
			projectRoot = "";
			targets = (
				AFEE20701E6413EA002B131A /* j */,
			);
		};
/* End PBXProject section */

/* Begin PBXResourcesBuildPhase section */
		AFEE206F1E6413EA002B131A /* Resources */ = {
			isa = PBXResourcesBuildPhase;
			buildActionMask = 2147483647;
			files = (
				AFEE20841E6413EA002B131A /* LaunchScreen.storyboard in Resources */,
				AFEE20811E6413EA002B131A /* Assets.xcassets in Resources */,
				AFEE207F1E6413EA002B131A /* Main.storyboard in Resources */,
			);
			runOnlyForDeploymentPostprocessing = 0;
		};
/* End PBXResourcesBuildPhase section */

/* Begin PBXSourcesBuildPhase section */
		AFEE206D1E6413EA002B131A /* Sources */ = {
			isa = PBXSourcesBuildPhase;
			buildActionMask = 2147483647;
			files = (
				AFEE207C1E6413EA002B131A /* ViewController.m in Sources */,
				AFEE20791E6413EA002B131A /* AppDelegate.m in Sources */,
				AFEE20761E6413EA002B131A /* main.m in Sources */,
			);
			runOnlyForDeploymentPostprocessing = 0;
		};
/* End PBXSourcesBuildPhase section */

/* Begin PBXVariantGroup section */
		AFEE207D1E6413EA002B131A /* Main.storyboard */ = {
			isa = PBXVariantGroup;
			children = (
				AFEE207E1E6413EA002B131A /* Base */,
			);
			name = Main.storyboard;
			sourceTree = "<group>";
		};
		AFEE20821E6413EA002B131A /* LaunchScreen.storyboard */ = {
			isa = PBXVariantGroup;
			children = (
				AFEE20831E6413EA002B131A /* Base */,
			);
			name = LaunchScreen.storyboard;
			sourceTree = "<group>";
		};
/* End PBXVariantGroup section */

/* Begin XCBuildConfiguration section */
		AFEE20861E6413EA002B131A /* Debug */ = {
			isa = XCBuildConfiguration;
			buildSettings = {
				ALWAYS_SEARCH_USER_PATHS = NO;
				CLANG_ANALYZER_NONNULL = YES;
				CLANG_CXX_LANGUAGE_STANDARD = "gnu++0x";
				CLANG_CXX_LIBRARY = "libc++";
				CLANG_ENABLE_MODULES = YES;
				CLANG_ENABLE_OBJC_ARC = YES;
				CLANG_WARN_BOOL_CONVERSION = YES;
				CLANG_WARN_CONSTANT_CONVERSION = YES;
				CLANG_WARN_DIRECT_OBJC_ISA_USAGE = YES_ERROR;
				CLANG_WARN_DOCUMENTATION_COMMENTS = YES;
				CLANG_WARN_EMPTY_BODY = YES;
				CLANG_WARN_ENUM_CONVERSION = YES;
				CLANG_WARN_INFINITE_RECURSION = YES;
				CLANG_WARN_INT_CONVERSION = YES;
				CLANG_WARN_OBJC_ROOT_CLASS = YES_ERROR;
				CLANG_WARN_SUSPICIOUS_MOVE = YES;
				CLANG_WARN_UNREACHABLE_CODE = YES;
				CLANG_WARN__DUPLICATE_METHOD_MATCH = YES;
				"CODE_SIGN_IDENTITY[sdk=iphoneos*]" = "iPhone Developer";
				COPY_PHASE_STRIP = NO;
				DEBUG_INFORMATION_FORMAT = dwarf;
				ENABLE_STRICT_OBJC_MSGSEND = YES;
				ENABLE_TESTABILITY = YES;
				GCC_C_LANGUAGE_STANDARD = gnu99;
				GCC_DYNAMIC_NO_PIC = NO;
				GCC_NO_COMMON_BLOCKS = YES;
				GCC_OPTIMIZATION_LEVEL = 0;
				GCC_PREPROCESSOR_DEFINITIONS = (
					"DEBUG=1",
					"$(inherited)",
				);
				GCC_WARN_64_TO_32_BIT_CONVERSION = YES;
				GCC_WARN_ABOUT_RETURN_TYPE = YES_ERROR;
				GCC_WARN_UNDECLARED_SELECTOR = YES;
				GCC_WARN_UNINITIALIZED_AUTOS = YES_AGGRESSIVE;
				GCC_WARN_UNUSED_FUNCTION = YES;
				GCC_WARN_UNUSED_VARIABLE = YES;
				IPHONEOS_DEPLOYMENT_TARGET = 10.2;
				MTL_ENABLE_DEBUG_INFO = YES;
				ONLY_ACTIVE_ARCH = YES;
				SDKROOT = iphoneos;
				TARGETED_DEVICE_FAMILY = "1,2";
			};
			name = Debug;
		};
		AFEE20871E6413EA002B131A /* Release */ = {
			isa = XCBuildConfiguration;
			buildSettings = {
				ALWAYS_SEARCH_USER_PATHS = NO;
				CLANG_ANALYZER_NONNULL = YES;
				CLANG_CXX_LANGUAGE_STANDARD = "gnu++0x";
				CLANG_CXX_LIBRARY = "libc++";
				CLANG_ENABLE_MODULES = YES;
				CLANG_ENABLE_OBJC_ARC = YES;
				CLANG_WARN_BOOL_CONVERSION = YES;
				CLANG_WARN_CONSTANT_CONVERSION = YES;
				CLANG_WARN_DIRECT_OBJC_ISA_USAGE = YES_ERROR;
				CLANG_WARN_DOCUMENTATION_COMMENTS = YES;
				CLANG_WARN_EMPTY_BODY = YES;
				CLANG_WARN_ENUM_CONVERSION = YES;
				CLANG_WARN_INFINITE_RECURSION = YES;
				CLANG_WARN_INT_CONVERSION = YES;
				CLANG_WARN_OBJC_ROOT_CLASS = YES_ERROR;
				CLANG_WARN_SUSPICIOUS_MOVE = YES;
				CLANG_WARN_UNREACHABLE_CODE = YES;
				CLANG_WARN__DUPLICATE_METHOD_MATCH = YES;
				"CODE_SIGN_IDENTITY[sdk=iphoneos*]" = "iPhone Developer";
				COPY_PHASE_STRIP = NO;
				DEBUG_INFORMATION_FORMAT = "dwarf-with-dsym";
				ENABLE_NS_ASSERTIONS = NO;
				ENABLE_STRICT_OBJC_MSGSEND = YES;
				GCC_C_LANGUAGE_STANDARD = gnu99;
				GCC_NO_COMMON_BLOCKS = YES;
				GCC_WARN_64_TO_32_BIT_CONVERSION = YES;
				GCC_WARN_ABOUT_RETURN_TYPE = YES_ERROR;
				GCC_WARN_UNDECLARED_SELECTOR = YES;
				GCC_WARN_UNINITIALIZED_AUTOS = YES_AGGRESSIVE;
				GCC_WARN_UNUSED_FUNCTION = YES;
				GCC_WARN_UNUSED_VARIABLE = YES;
				IPHONEOS_DEPLOYMENT_TARGET = 10.2;
				MTL_ENABLE_DEBUG_INFO = NO;
				SDKROOT = iphoneos;
				TARGETED_DEVICE_FAMILY = "1,2";
				VALIDATE_PRODUCT = YES;
			};
			name = Release;
		};
		AFEE20891E6413EA002B131A /* Debug */ = {
			isa = XCBuildConfiguration;
			buildSettings = {
				ASSETCATALOG_COMPILER_APPICON_NAME = AppIcon;
				DEVELOPMENT_TEAM = 6JANB6J782;
				INFOPLIST_FILE = j/Info.plist;
				LD_RUNPATH_SEARCH_PATHS = "$(inherited) @executable_path/Frameworks";
				PRODUCT_BUNDLE_IDENTIFIER = com.xujian.j;
				PRODUCT_NAME = "$(TARGET_NAME)";
			};
			name = Debug;
		};
		AFEE208A1E6413EA002B131A /* Release */ = {
			isa = XCBuildConfiguration;
			buildSettings = {
				ASSETCATALOG_COMPILER_APPICON_NAME = AppIcon;
				DEVELOPMENT_TEAM = 6JANB6J782;
				INFOPLIST_FILE = j/Info.plist;
				LD_RUNPATH_SEARCH_PATHS = "$(inherited) @executable_path/Frameworks";
				PRODUCT_BUNDLE_IDENTIFIER = com.xujian.j;
				PRODUCT_NAME = "$(TARGET_NAME)";
			};
			name = Release;
		};
/* End XCBuildConfiguration section */

/* Begin XCConfigurationList section */
		AFEE206C1E6413EA002B131A /* Build configuration list for PBXProject "j" */ = {
			isa = XCConfigurationList;
			buildConfigurations = (
				AFEE20861E6413EA002B131A /* Debug */,
				AFEE20871E6413EA002B131A /* Release */,
			);
			defaultConfigurationIsVisible = 0;
			defaultConfigurationName = Release;
		};
		AFEE20881E6413EA002B131A /* Build configuration list for PBXNativeTarget "j" */ = {
			isa = XCConfigurationList;
			buildConfigurations = (
				AFEE20891E6413EA002B131A /* Debug */,
				AFEE208A1E6413EA002B131A /* Release */,
			);
			defaultConfigurationIsVisible = 0;
		};
/* End XCConfigurationList section */
	};
	rootObject = AFEE20691E6413EA002B131A /* Project object */;
}
